
Microsoft Visual Studio Solution File, Format Version 12.00
# Visual Studio Version 16
VisualStudioVersion = 16.0.30509.190
MinimumVisualStudioVersion = 10.0.40219.1
Project("{FAE04EC0-301F-11D3-BF4B-00C04F79EFBC}") = "Singleton submodules", "Singleton submodules\Singleton submodules.csproj", "{CAE23DDB-30B2-46FE-BE13-822B39454B64}"
EndProject
Global
	GlobalSection(SolutionConfigurationPlatforms) = preSolution
		Debug|Any CPU = Debug|Any CPU
		Release|Any CPU = Release|Any CPU
	EndGlobalSection
	GlobalSection(ProjectConfigurationPlatforms) = postSolution
		{CAE23DDB-30B2-46FE-BE13-822B39454B64}.Debug|Any CPU.ActiveCfg = Debug|Any CPU
		{CAE23DDB-30B2-46FE-BE13-822B39454B64}.Debug|Any CPU.Build.0 = Debug|Any CPU
		{CAE23DDB-30B2-46FE-BE13-822B39454B64}.Release|Any CPU.ActiveCfg = Release|Any CPU
		{CAE23DDB-30B2-46FE-BE13-822B39454B64}.Release|Any CPU.Build.0 = Release|Any CPU
	EndGlobalSection
	GlobalSection(SolutionProperties) = preSolution
		HideSolutionNode = FALSE
	EndGlobalSection
	GlobalSection(ExtensibilityGlobals) = postSolution
		SolutionGuid = {DC56D7E3-9EEB-4034-A139-F53342E47473}
	EndGlobalSection
EndGlobal
